# Generated by buf. DO NOT EDIT.
version: v1
deps:
  - remote: buf.build
    owner: cometbft
    repository: cometbft
    commit: c0d3497e35d649538679874acdd86660
    digest: shake256:05d2fb9e6b6bf82385ac26b250afbba281a2ca79f51729291373d24ca676d743183bf70a921daae6feafd5f9917120e2548a7c477d9743f668bca27cc1e12fdf
  - remote: buf.build
    owner: cosmos
    repository: cosmos-proto
    commit: 04467658e59e44bbb22fe568206e1f70
    digest: shake256:73a640bd60e0c523b0f8237ff34eab67c45a38b64bbbde1d80224819d272dbf316ac183526bd245f994af6608b025f5130483d0133c5edd385531326b5990466
  - remote: buf.build
    owner: cosmos
    repository: cosmos-sdk
    commit: 8a78b2f770c946bfa96c3e94e6b4755f
    digest: shake256:4cae916f939dd1ece57c829fe1e50ceaad55a472b6cabb2026e3d791278db1f03f311ba39a5ae0a78ebaba6aae2e70825bcec1ebdfb07519b8419d1111e8b068
  - remote: buf.build
    owner: cosmos
    repository: gogo-proto
    commit: 88ef6483f90f478fb938c37dde52ece3
    digest: shake256:89c45df2aa11e0cff97b0d695436713db3d993d76792e9f8dc1ae90e6ab9a9bec55503d48ceedd6b86069ab07d3041b32001b2bfe0227fa725dd515ff381e5ba
  - remote: buf.build
    owner: cosmos
    repository: ics23
    commit: 55085f7c710a45f58fa09947208eb70b
    digest: shake256:9bf0bc495b5a11c88d163d39ef521bc4b00bc1374a05758c91d82821bdc61f09e8c2c51dda8452529bf80137f34d852561eacbe9550a59015d51cecb0dacb628
  - remote: buf.build
    owner: googleapis
    repository: googleapis
    commit: f0e53af8f2fc4556b94f482688b57223
    digest: shake256:de26a277fc28b8b411ecf58729d78d32fcf15090ffd998a4469225b17889bfb51442eaab04bb7a8d88d203ecdf0a9febd4ffd52c18ed1c2229160c7bd353ca95
  - remote: buf.build
    owner: protocolbuffers
    repository: wellknowntypes
    commit: 657250e6a39648cbb169d079a60bd9ba
    digest: shake256:00de25001b8dd2e29d85fc4bcc3ede7aed886d76d67f5e0f7a9b320b90f871d3eb73507d50818d823a0512f3f8db77a11c043685528403e31ff3fef18323a9fb
  - remote: buf.build
    owner: sourcenetwork
    repository: go-libp2p
    commit: 6f0fd9f43c604df09e932c3b87df4921
    digest: shake256:038a2af06e254b71d69e671e6afb19543b74f22e145206cf92b0a0e5b171a29b7bb3c5aa8f4940902c86e0aebfc6768d37ec05388046f1c8c3834f10d8eda190
